
Microsoft Visual Studio Solution File, Format Version 12.00
# Visual Studio Version 16
VisualStudioVersion = 16.0.29306.81
MinimumVisualStudioVersion = 10.0.40219.1
Project("{2150E333-8FDC-42A3-9474-1A3956D46DE8}") = "Domain", "Domain", "{62AD5864-F410-45D5-80DF-B401B27BBAD6}"
EndProject
Project("{2150E333-8FDC-42A3-9474-1A3956D46DE8}") = "Infra", "Infra", "{9071A128-7840-49EB-B19A-C9C44CF5CD71}"
EndProject
Project("{2150E333-8FDC-42A3-9474-1A3956D46DE8}") = "Presentation", "Presentation", "{26993364-29ED-4250-A65E-07B009A72CAE}"
EndProject
Project("{2150E333-8FDC-42A3-9474-1A3956D46DE8}") = "Microservices", "Microservices", "{853DEEDD-662B-4287-ACDA-1F801248DB03}"
EndProject
Project("{2150E333-8FDC-42A3-9474-1A3956D46DE8}") = "Bank", "Bank", "{CE0795A6-2825-4B3B-9A3E-785CB0A80E62}"
EndProject
Project("{2150E333-8FDC-42A3-9474-1A3956D46DE8}") = "Accounts", "Accounts", "{CB3AE9A0-2BC1-480D-AF51-4C3FA0E4BA27}"
EndProject
Project("{2150E333-8FDC-42A3-9474-1A3956D46DE8}") = "Tests", "Tests", "{40A709C7-B1C7-41EF-B464-0EA1C65F809D}"
EndProject
Project("{2150E333-8FDC-42A3-9474-1A3956D46DE8}") = "Infra.Data", "Infra.Data", "{4FE1247A-77F8-42C9-ADD6-6AA26452EAD4}"
EndProject
Project("{2150E333-8FDC-42A3-9474-1A3956D46DE8}") = "Infra.CrossCutting", "Infra.CrossCutting", "{81B45B93-6264-420B-8A90-0F755B3637C2}"
EndProject
Project("{9A19103F-16F7-4668-BE54-9A1E7A4F7556}") = "MyBank.Shared.Domain", "MyBank.Shared.Domain\MyBank.Shared.Domain.csproj", "{8AE1FEEA-1252-488B-933F-EEEC6E79AA86}"
EndProject
Project("{9A19103F-16F7-4668-BE54-9A1E7A4F7556}") = "MyBank.Infra.Data", "MyBank.Infra.Data\MyBank.Infra.Data.csproj", "{FA0BC09A-798D-405F-8A54-C972A4F283F5}"
EndProject
Project("{9A19103F-16F7-4668-BE54-9A1E7A4F7556}") = "MyBank.Infra.IoC", "MyBank.Infra.IoC\MyBank.Infra.IoC.csproj", "{2D773CF3-162E-47C0-9E8F-AA1E3521464E}"
EndProject
Project("{9A19103F-16F7-4668-BE54-9A1E7A4F7556}") = "MyBank.Infra.CrossCutting", "MyBank.Infra.CrossCutting\MyBank.Infra.CrossCutting.csproj", "{892CB64F-BF0D-487E-93E3-79BD4A37DBD4}"
EndProject
Project("{9A19103F-16F7-4668-BE54-9A1E7A4F7556}") = "MyBank.Accounts.Tests", "MyBank.Accounts.Tests\MyBank.Accounts.Tests.csproj", "{52C2DC5C-5B84-4965-B235-DD114FC42498}"
EndProject
Project("{2150E333-8FDC-42A3-9474-1A3956D46DE8}") = "Transfers", "Transfers", "{66917F1F-3DFC-4CC8-9337-715B9E27E8EA}"
EndProject
Project("{2150E333-8FDC-42A3-9474-1A3956D46DE8}") = "Tests", "Tests", "{A586C393-C8BF-44A1-8884-7ACD7FD48379}"
EndProject
Project("{9A19103F-16F7-4668-BE54-9A1E7A4F7556}") = "MyBank.Transfers.Tests", "MyBank.Transfers.Tests\MyBank.Transfers.Tests.csproj", "{2F587282-497D-46E4-85C5-BE72AFD8A7C9}"
EndProject
Project("{9A19103F-16F7-4668-BE54-9A1E7A4F7556}") = "MyBank.Accounts.Domain", "MyBank.Account.Domain\MyBank.Accounts.Domain.csproj", "{54349755-D707-4696-B609-F3AD8A23F996}"
EndProject
Project("{9A19103F-16F7-4668-BE54-9A1E7A4F7556}") = "MyBank.Transfers.Domain", "MyBank.Transfers.Domain\MyBank.Transfers.Domain.csproj", "{EB502968-6315-43F5-A4B6-8F22050E6BBD}"
EndProject
Project("{9A19103F-16F7-4668-BE54-9A1E7A4F7556}") = "MyBank.Transfers.Infra", "MyBank.Transfers.Infra\MyBank.Transfers.Infra.csproj", "{6BA92DF4-15F2-4E11-B538-838CEF19DD1A}"
EndProject
Project("{9A19103F-16F7-4668-BE54-9A1E7A4F7556}") = "MyBank.Accounts.Infra", "MyBank.Account.Infra\MyBank.Accounts.Infra.csproj", "{D9D75B3C-4A7A-4EF3-8B35-DD44474D10ED}"
EndProject
Project("{9A19103F-16F7-4668-BE54-9A1E7A4F7556}") = "MyBank.Accounts.Api", "MyBank.Accounts.Api\MyBank.Accounts.Api.csproj", "{64F51CE6-E8A9-439E-AD56-532CF77AACF7}"
EndProject
Project("{9A19103F-16F7-4668-BE54-9A1E7A4F7556}") = "MyBank.Transfers.Api", "MyBank.Transfers.Api\MyBank.Transfers.Api.csproj", "{7983D498-9A4A-4AF3-9B34-B9A6E4A26F2F}"
EndProject
Global
	GlobalSection(SolutionConfigurationPlatforms) = preSolution
		Debug|Any CPU = Debug|Any CPU
		Release|Any CPU = Release|Any CPU
	EndGlobalSection
	GlobalSection(ProjectConfigurationPlatforms) = postSolution
		{8AE1FEEA-1252-488B-933F-EEEC6E79AA86}.Debug|Any CPU.ActiveCfg = Debug|Any CPU
		{8AE1FEEA-1252-488B-933F-EEEC6E79AA86}.Debug|Any CPU.Build.0 = Debug|Any CPU
		{8AE1FEEA-1252-488B-933F-EEEC6E79AA86}.Release|Any CPU.ActiveCfg = Release|Any CPU
		{8AE1FEEA-1252-488B-933F-EEEC6E79AA86}.Release|Any CPU.Build.0 = Release|Any CPU
		{FA0BC09A-798D-405F-8A54-C972A4F283F5}.Debug|Any CPU.ActiveCfg = Debug|Any CPU
		{FA0BC09A-798D-405F-8A54-C972A4F283F5}.Debug|Any CPU.Build.0 = Debug|Any CPU
		{FA0BC09A-798D-405F-8A54-C972A4F283F5}.Release|Any CPU.ActiveCfg = Release|Any CPU
		{FA0BC09A-798D-405F-8A54-C972A4F283F5}.Release|Any CPU.Build.0 = Release|Any CPU
		{2D773CF3-162E-47C0-9E8F-AA1E3521464E}.Debug|Any CPU.ActiveCfg = Debug|Any CPU
		{2D773CF3-162E-47C0-9E8F-AA1E3521464E}.Debug|Any CPU.Build.0 = Debug|Any CPU
		{2D773CF3-162E-47C0-9E8F-AA1E3521464E}.Release|Any CPU.ActiveCfg = Release|Any CPU
		{2D773CF3-162E-47C0-9E8F-AA1E3521464E}.Release|Any CPU.Build.0 = Release|Any CPU
		{892CB64F-BF0D-487E-93E3-79BD4A37DBD4}.Debug|Any CPU.ActiveCfg = Debug|Any CPU
		{892CB64F-BF0D-487E-93E3-79BD4A37DBD4}.Debug|Any CPU.Build.0 = Debug|Any CPU
		{892CB64F-BF0D-487E-93E3-79BD4A37DBD4}.Release|Any CPU.ActiveCfg = Release|Any CPU
		{892CB64F-BF0D-487E-93E3-79BD4A37DBD4}.Release|Any CPU.Build.0 = Release|Any CPU
		{52C2DC5C-5B84-4965-B235-DD114FC42498}.Debug|Any CPU.ActiveCfg = Debug|Any CPU
		{52C2DC5C-5B84-4965-B235-DD114FC42498}.Debug|Any CPU.Build.0 = Debug|Any CPU
		{52C2DC5C-5B84-4965-B235-DD114FC42498}.Release|Any CPU.ActiveCfg = Release|Any CPU
		{52C2DC5C-5B84-4965-B235-DD114FC42498}.Release|Any CPU.Build.0 = Release|Any CPU
		{2F587282-497D-46E4-85C5-BE72AFD8A7C9}.Debug|Any CPU.ActiveCfg = Debug|Any CPU
		{2F587282-497D-46E4-85C5-BE72AFD8A7C9}.Debug|Any CPU.Build.0 = Debug|Any CPU
		{2F587282-497D-46E4-85C5-BE72AFD8A7C9}.Release|Any CPU.ActiveCfg = Release|Any CPU
		{2F587282-497D-46E4-85C5-BE72AFD8A7C9}.Release|Any CPU.Build.0 = Release|Any CPU
		{54349755-D707-4696-B609-F3AD8A23F996}.Debug|Any CPU.ActiveCfg = Debug|Any CPU
		{54349755-D707-4696-B609-F3AD8A23F996}.Debug|Any CPU.Build.0 = Debug|Any CPU
		{54349755-D707-4696-B609-F3AD8A23F996}.Release|Any CPU.ActiveCfg = Release|Any CPU
		{54349755-D707-4696-B609-F3AD8A23F996}.Release|Any CPU.Build.0 = Release|Any CPU
		{EB502968-6315-43F5-A4B6-8F22050E6BBD}.Debug|Any CPU.ActiveCfg = Debug|Any CPU
		{EB502968-6315-43F5-A4B6-8F22050E6BBD}.Debug|Any CPU.Build.0 = Debug|Any CPU
		{EB502968-6315-43F5-A4B6-8F22050E6BBD}.Release|Any CPU.ActiveCfg = Release|Any CPU
		{EB502968-6315-43F5-A4B6-8F22050E6BBD}.Release|Any CPU.Build.0 = Release|Any CPU
		{6BA92DF4-15F2-4E11-B538-838CEF19DD1A}.Debug|Any CPU.ActiveCfg = Debug|Any CPU
		{6BA92DF4-15F2-4E11-B538-838CEF19DD1A}.Debug|Any CPU.Build.0 = Debug|Any CPU
		{6BA92DF4-15F2-4E11-B538-838CEF19DD1A}.Release|Any CPU.ActiveCfg = Release|Any CPU
		{6BA92DF4-15F2-4E11-B538-838CEF19DD1A}.Release|Any CPU.Build.0 = Release|Any CPU
		{D9D75B3C-4A7A-4EF3-8B35-DD44474D10ED}.Debug|Any CPU.ActiveCfg = Debug|Any CPU
		{D9D75B3C-4A7A-4EF3-8B35-DD44474D10ED}.Debug|Any CPU.Build.0 = Debug|Any CPU
		{D9D75B3C-4A7A-4EF3-8B35-DD44474D10ED}.Release|Any CPU.ActiveCfg = Release|Any CPU
		{D9D75B3C-4A7A-4EF3-8B35-DD44474D10ED}.Release|Any CPU.Build.0 = Release|Any CPU
		{64F51CE6-E8A9-439E-AD56-532CF77AACF7}.Debug|Any CPU.ActiveCfg = Debug|Any CPU
		{64F51CE6-E8A9-439E-AD56-532CF77AACF7}.Debug|Any CPU.Build.0 = Debug|Any CPU
		{64F51CE6-E8A9-439E-AD56-532CF77AACF7}.Release|Any CPU.ActiveCfg = Release|Any CPU
		{64F51CE6-E8A9-439E-AD56-532CF77AACF7}.Release|Any CPU.Build.0 = Release|Any CPU
		{7983D498-9A4A-4AF3-9B34-B9A6E4A26F2F}.Debug|Any CPU.ActiveCfg = Debug|Any CPU
		{7983D498-9A4A-4AF3-9B34-B9A6E4A26F2F}.Debug|Any CPU.Build.0 = Debug|Any CPU
		{7983D498-9A4A-4AF3-9B34-B9A6E4A26F2F}.Release|Any CPU.ActiveCfg = Release|Any CPU
		{7983D498-9A4A-4AF3-9B34-B9A6E4A26F2F}.Release|Any CPU.Build.0 = Release|Any CPU
	EndGlobalSection
	GlobalSection(SolutionProperties) = preSolution
		HideSolutionNode = FALSE
	EndGlobalSection
	GlobalSection(NestedProjects) = preSolution
		{853DEEDD-662B-4287-ACDA-1F801248DB03} = {26993364-29ED-4250-A65E-07B009A72CAE}
		{CE0795A6-2825-4B3B-9A3E-785CB0A80E62} = {853DEEDD-662B-4287-ACDA-1F801248DB03}
		{CB3AE9A0-2BC1-480D-AF51-4C3FA0E4BA27} = {CE0795A6-2825-4B3B-9A3E-785CB0A80E62}
		{40A709C7-B1C7-41EF-B464-0EA1C65F809D} = {CB3AE9A0-2BC1-480D-AF51-4C3FA0E4BA27}
		{4FE1247A-77F8-42C9-ADD6-6AA26452EAD4} = {9071A128-7840-49EB-B19A-C9C44CF5CD71}
		{81B45B93-6264-420B-8A90-0F755B3637C2} = {9071A128-7840-49EB-B19A-C9C44CF5CD71}
		{8AE1FEEA-1252-488B-933F-EEEC6E79AA86} = {62AD5864-F410-45D5-80DF-B401B27BBAD6}
		{FA0BC09A-798D-405F-8A54-C972A4F283F5} = {4FE1247A-77F8-42C9-ADD6-6AA26452EAD4}
		{2D773CF3-162E-47C0-9E8F-AA1E3521464E} = {81B45B93-6264-420B-8A90-0F755B3637C2}
		{892CB64F-BF0D-487E-93E3-79BD4A37DBD4} = {81B45B93-6264-420B-8A90-0F755B3637C2}
		{52C2DC5C-5B84-4965-B235-DD114FC42498} = {40A709C7-B1C7-41EF-B464-0EA1C65F809D}
		{66917F1F-3DFC-4CC8-9337-715B9E27E8EA} = {CE0795A6-2825-4B3B-9A3E-785CB0A80E62}
		{A586C393-C8BF-44A1-8884-7ACD7FD48379} = {66917F1F-3DFC-4CC8-9337-715B9E27E8EA}
		{2F587282-497D-46E4-85C5-BE72AFD8A7C9} = {A586C393-C8BF-44A1-8884-7ACD7FD48379}
		{54349755-D707-4696-B609-F3AD8A23F996} = {CB3AE9A0-2BC1-480D-AF51-4C3FA0E4BA27}
		{EB502968-6315-43F5-A4B6-8F22050E6BBD} = {66917F1F-3DFC-4CC8-9337-715B9E27E8EA}
		{6BA92DF4-15F2-4E11-B538-838CEF19DD1A} = {66917F1F-3DFC-4CC8-9337-715B9E27E8EA}
		{D9D75B3C-4A7A-4EF3-8B35-DD44474D10ED} = {CB3AE9A0-2BC1-480D-AF51-4C3FA0E4BA27}
		{64F51CE6-E8A9-439E-AD56-532CF77AACF7} = {CB3AE9A0-2BC1-480D-AF51-4C3FA0E4BA27}
		{7983D498-9A4A-4AF3-9B34-B9A6E4A26F2F} = {66917F1F-3DFC-4CC8-9337-715B9E27E8EA}
	EndGlobalSection
	GlobalSection(ExtensibilityGlobals) = postSolution
		SolutionGuid = {2B6ABB4C-23A5-4DF7-83C2-938D009FBE3A}
	EndGlobalSection
EndGlobal
